// !$*UTF8*$!
{
	archiveVersion = 1;
	classes = {
	};
	objectVersion = 46;
	objects = {

/* Begin PBXBuildFile section */
		9ED543CF1C93002F007D4EDB /* AppDelegate.swift in Sources */ = {isa = PBXBuildFile; fileRef = 9ED543CE1C93002F007D4EDB /* AppDelegate.swift */; };
		9ED543D11C93002F007D4EDB /* ViewController.swift in Sources */ = {isa = PBXBuildFile; fileRef = 9ED543D01C93002F007D4EDB /* ViewController.swift */; };
		9ED543D41C93002F007D4EDB /* Main.storyboard in Resources */ = {isa = PBXBuildFile; fileRef = 9ED543D21C93002F007D4EDB /* Main.storyboard */; };
		9ED543D61C93002F007D4EDB /* Assets.xcassets in Resources */ = {isa = PBXBuildFile; fileRef = 9ED543D51C93002F007D4EDB /* Assets.xcassets */; };
		9ED543D91C93002F007D4EDB /* LaunchScreen.storyboard in Resources */ = {isa = PBXBuildFile; fileRef = 9ED543D71C93002F007D4EDB /* LaunchScreen.storyboard */; };
		9ED543E41C93002F007D4EDB /* getDemoTHTests.swift in Sources */ = {isa = PBXBuildFile; fileRef = 9ED543E31C93002F007D4EDB /* getDemoTHTests.swift */; };
		9ED543EF1C93002F007D4EDB /* getDemoTHUITests.swift in Sources */ = {isa = PBXBuildFile; fileRef = 9ED543EE1C93002F007D4EDB /* getDemoTHUITests.swift */; };
/* End PBXBuildFile section */

/* Begin PBXContainerItemProxy section */
		9ED543E01C93002F007D4EDB /* PBXContainerItemProxy */ = {
			isa = PBXContainerItemProxy;
			containerPortal = 9ED543C31C93002F007D4EDB /* Project object */;
			proxyType = 1;
			remoteGlobalIDString = 9ED543CA1C93002F007D4EDB;
			remoteInfo = getDemoTH;
		};
		9ED543EB1C93002F007D4EDB /* PBXContainerItemProxy */ = {
			isa = PBXContainerItemProxy;
			containerPortal = 9ED543C31C93002F007D4EDB /* Project object */;
			proxyType = 1;
			remoteGlobalIDString = 9ED543CA1C93002F007D4EDB;
			remoteInfo = getDemoTH;
		};
/* End PBXContainerItemProxy section */

/* Begin PBXFileReference section */
		9ED543CB1C93002F007D4EDB /* getDemoTH.app */ = {isa = PBXFileReference; explicitFileType = wrapper.application; includeInIndex = 0; path = getDemoTH.app; sourceTree = BUILT_PRODUCTS_DIR; };
		9ED543CE1C93002F007D4EDB /* AppDelegate.swift */ = {isa = PBXFileReference; lastKnownFileType = sourcecode.swift; path = AppDelegate.swift; sourceTree = "<group>"; };
		9ED543D01C93002F007D4EDB /* ViewController.swift */ = {isa = PBXFileReference; lastKnownFileType = sourcecode.swift; path = ViewController.swift; sourceTree = "<group>"; };
		9ED543D31C93002F007D4EDB /* Base */ = {isa = PBXFileReference; lastKnownFileType = file.storyboard; name = Base; path = Base.lproj/Main.storyboard; sourceTree = "<group>"; };
		9ED543D51C93002F007D4EDB /* Assets.xcassets */ = {isa = PBXFileReference; lastKnownFileType = folder.assetcatalog; path = Assets.xcassets; sourceTree = "<group>"; };
		9ED543D81C93002F007D4EDB /* Base */ = {isa = PBXFileReference; lastKnownFileType = file.storyboard; name = Base; path = Base.lproj/LaunchScreen.storyboard; sourceTree = "<group>"; };
		9ED543DA1C93002F007D4EDB /* Info.plist */ = {isa = PBXFileReference; lastKnownFileType = text.plist.xml; path = Info.plist; sourceTree = "<group>"; };
		9ED543DF1C93002F007D4EDB /* getDemoTHTests.xctest */ = {isa = PBXFileReference; explicitFileType = wrapper.cfbundle; includeInIndex = 0; path = getDemoTHTests.xctest; sourceTree = BUILT_PRODUCTS_DIR; };
		9ED543E31C93002F007D4EDB /* getDemoTHTests.swift */ = {isa = PBXFileReference; lastKnownFileType = sourcecode.swift; path = getDemoTHTests.swift; sourceTree = "<group>"; };
		9ED543E51C93002F007D4EDB /* Info.plist */ = {isa = PBXFileReference; lastKnownFileType = text.plist.xml; path = Info.plist; sourceTree = "<group>"; };
		9ED543EA1C93002F007D4EDB /* getDemoTHUITests.xctest */ = {isa = PBXFileReference; explicitFileType = wrapper.cfbundle; includeInIndex = 0; path = getDemoTHUITests.xctest; sourceTree = BUILT_PRODUCTS_DIR; };
		9ED543EE1C93002F007D4EDB /* getDemoTHUITests.swift */ = {isa = PBXFileReference; lastKnownFileType = sourcecode.swift; path = getDemoTHUITests.swift; sourceTree = "<group>"; };
		9ED543F01C93002F007D4EDB /* Info.plist */ = {isa = PBXFileReference; lastKnownFileType = text.plist.xml; path = Info.plist; sourceTree = "<group>"; };
/* End PBXFileReference section */

/* Begin PBXFrameworksBuildPhase section */
		9ED543C81C93002F007D4EDB /* Frameworks */ = {
			isa = PBXFrameworksBuildPhase;
			buildActionMask = 2147483647;
			files = (
			);
			runOnlyForDeploymentPostprocessing = 0;
		};
		9ED543DC1C93002F007D4EDB /* Frameworks */ = {
			isa = PBXFrameworksBuildPhase;
			buildActionMask = 2147483647;
			files = (
			);
			runOnlyForDeploymentPostprocessing = 0;
		};
		9ED543E71C93002F007D4EDB /* Frameworks */ = {
			isa = PBXFrameworksBuildPhase;
			buildActionMask = 2147483647;
			files = (
			);
			runOnlyForDeploymentPostprocessing = 0;
		};
/* End PBXFrameworksBuildPhase section */

/* Begin PBXGroup section */
		9ED543C21C93002F007D4EDB = {
			isa = PBXGroup;
			children = (
				9ED543CD1C93002F007D4EDB /* getDemoTH */,
				9ED543E21C93002F007D4EDB /* getDemoTHTests */,
				9ED543ED1C93002F007D4EDB /* getDemoTHUITests */,
				9ED543CC1C93002F007D4EDB /* Products */,
			);
			sourceTree = "<group>";
		};
		9ED543CC1C93002F007D4EDB /* Products */ = {
			isa = PBXGroup;
			children = (
				9ED543CB1C93002F007D4EDB /* getDemoTH.app */,
				9ED543DF1C93002F007D4EDB /* getDemoTHTests.xctest */,
				9ED543EA1C93002F007D4EDB /* getDemoTHUITests.xctest */,
			);
			name = Products;
			sourceTree = "<group>";
		};
		9ED543CD1C93002F007D4EDB /* getDemoTH */ = {
			isa = PBXGroup;
			children = (
				9ED543CE1C93002F007D4EDB /* AppDelegate.swift */,
				9ED543D01C93002F007D4EDB /* ViewController.swift */,
				9ED543D21C93002F007D4EDB /* Main.storyboard */,
				9ED543D51C93002F007D4EDB /* Assets.xcassets */,
				9ED543D71C93002F007D4EDB /* LaunchScreen.storyboard */,
				9ED543DA1C93002F007D4EDB /* Info.plist */,
			);
			path = getDemoTH;
			sourceTree = "<group>";
		};
		9ED543E21C93002F007D4EDB /* getDemoTHTests */ = {
			isa = PBXGroup;
			children = (
				9ED543E31C93002F007D4EDB /* getDemoTHTests.swift */,
				9ED543E51C93002F007D4EDB /* Info.plist */,
			);
			path = getDemoTHTests;
			sourceTree = "<group>";
		};
		9ED543ED1C93002F007D4EDB /* getDemoTHUITests */ = {
			isa = PBXGroup;
			children = (
				9ED543EE1C93002F007D4EDB /* getDemoTHUITests.swift */,
				9ED543F01C93002F007D4EDB /* Info.plist */,
			);
			path = getDemoTHUITests;
			sourceTree = "<group>";
		};
/* End PBXGroup section */

/* Begin PBXNativeTarget section */
		9ED543CA1C93002F007D4EDB /* getDemoTH */ = {
			isa = PBXNativeTarget;
			buildConfigurationList = 9ED543F31C93002F007D4EDB /* Build configuration list for PBXNativeTarget "getDemoTH" */;
			buildPhases = (
				9ED543C71C93002F007D4EDB /* Sources */,
				9ED543C81C93002F007D4EDB /* Frameworks */,
				9ED543C91C93002F007D4EDB /* Resources */,
			);
			buildRules = (
			);
			dependencies = (
			);
			name = getDemoTH;
			productName = getDemoTH;
			productReference = 9ED543CB1C93002F007D4EDB /* getDemoTH.app */;
			productType = "com.apple.product-type.application";
		};
		9ED543DE1C93002F007D4EDB /* getDemoTHTests */ = {
			isa = PBXNativeTarget;
			buildConfigurationList = 9ED543F61C93002F007D4EDB /* Build configuration list for PBXNativeTarget "getDemoTHTests" */;
			buildPhases = (
				9ED543DB1C93002F007D4EDB /* Sources */,
				9ED543DC1C93002F007D4EDB /* Frameworks */,
				9ED543DD1C93002F007D4EDB /* Resources */,
			);
			buildRules = (
			);
			dependencies = (
				9ED543E11C93002F007D4EDB /* PBXTargetDependency */,
			);
			name = getDemoTHTests;
			productName = getDemoTHTests;
			productReference = 9ED543DF1C93002F007D4EDB /* getDemoTHTests.xctest */;
			productType = "com.apple.product-type.bundle.unit-test";
		};
		9ED543E91C93002F007D4EDB /* getDemoTHUITests */ = {
			isa = PBXNativeTarget;
			buildConfigurationList = 9ED543F91C93002F007D4EDB /* Build configuration list for PBXNativeTarget "getDemoTHUITests" */;
			buildPhases = (
				9ED543E61C93002F007D4EDB /* Sources */,
				9ED543E71C93002F007D4EDB /* Frameworks */,
				9ED543E81C93002F007D4EDB /* Resources */,
			);
			buildRules = (
			);
			dependencies = (
				9ED543EC1C93002F007D4EDB /* PBXTargetDependency */,
			);
			name = getDemoTHUITests;
			productName = getDemoTHUITests;
			productReference = 9ED543EA1C93002F007D4EDB /* getDemoTHUITests.xctest */;
			productType = "com.apple.product-type.bundle.ui-testing";
		};
/* End PBXNativeTarget section */

/* Begin PBXProject section */
		9ED543C31C93002F007D4EDB /* Project object */ = {
			isa = PBXProject;
			attributes = {
				LastSwiftUpdateCheck = 0710;
				LastUpgradeCheck = 0710;
				ORGANIZATIONNAME = "Michael Timmons";
				TargetAttributes = {
					9ED543CA1C93002F007D4EDB = {
						CreatedOnToolsVersion = 7.1.1;
					};
					9ED543DE1C93002F007D4EDB = {
						CreatedOnToolsVersion = 7.1.1;
						TestTargetID = 9ED543CA1C93002F007D4EDB;
					};
					9ED543E91C93002F007D4EDB = {
						CreatedOnToolsVersion = 7.1.1;
						TestTargetID = 9ED543CA1C93002F007D4EDB;
					};
				};
			};
			buildConfigurationList = 9ED543C61C93002F007D4EDB /* Build configuration list for PBXProject "getDemoTH" */;
			compatibilityVersion = "Xcode 3.2";
			developmentRegion = English;
			hasScannedForEncodings = 0;
			knownRegions = (
				en,
				Base,
			);
			mainGroup = 9ED543C21C93002F007D4EDB;
			productRefGroup = 9ED543CC1C93002F007D4EDB /* Products */;
			projectDirPath = "";
			projectRoot = "";
			targets = (
				9ED543CA1C93002F007D4EDB /* getDemoTH */,
				9ED543DE1C93002F007D4EDB /* getDemoTHTests */,
				9ED543E91C93002F007D4EDB /* getDemoTHUITests */,
			);
		};
/* End PBXProject section */

/* Begin PBXResourcesBuildPhase section */
		9ED543C91C93002F007D4EDB /* Resources */ = {
			isa = PBXResourcesBuildPhase;
			buildActionMask = 2147483647;
			files = (
				9ED543D91C93002F007D4EDB /* LaunchScreen.storyboard in Resources */,
				9ED543D61C93002F007D4EDB /* Assets.xcassets in Resources */,
				9ED543D41C93002F007D4EDB /* Main.storyboard in Resources */,
			);
			runOnlyForDeploymentPostprocessing = 0;
		};
		9ED543DD1C93002F007D4EDB /* Resources */ = {
			isa = PBXResourcesBuildPhase;
			buildActionMask = 2147483647;
			files = (
			);
			runOnlyForDeploymentPostprocessing = 0;
		};
		9ED543E81C93002F007D4EDB /* Resources */ = {
			isa = PBXResourcesBuildPhase;
			buildActionMask = 2147483647;
			files = (
			);
			runOnlyForDeploymentPostprocessing = 0;
		};
/* End PBXResourcesBuildPhase section */

/* Begin PBXSourcesBuildPhase section */
		9ED543C71C93002F007D4EDB /* Sources */ = {
			isa = PBXSourcesBuildPhase;
			buildActionMask = 2147483647;
			files = (
				9ED543D11C93002F007D4EDB /* ViewController.swift in Sources */,
				9ED543CF1C93002F007D4EDB /* AppDelegate.swift in Sources */,
			);
			runOnlyForDeploymentPostprocessing = 0;
		};
		9ED543DB1C93002F007D4EDB /* Sources */ = {
			isa = PBXSourcesBuildPhase;
			buildActionMask = 2147483647;
			files = (
				9ED543E41C93002F007D4EDB /* getDemoTHTests.swift in Sources */,
			);
			runOnlyForDeploymentPostprocessing = 0;
		};
		9ED543E61C93002F007D4EDB /* Sources */ = {
			isa = PBXSourcesBuildPhase;
			buildActionMask = 2147483647;
			files = (
				9ED543EF1C93002F007D4EDB /* getDemoTHUITests.swift in Sources */,
			);
			runOnlyForDeploymentPostprocessing = 0;
		};
/* End PBXSourcesBuildPhase section */

/* Begin PBXTargetDependency section */
		9ED543E11C93002F007D4EDB /* PBXTargetDependency */ = {
			isa = PBXTargetDependency;
			target = 9ED543CA1C93002F007D4EDB /* getDemoTH */;
			targetProxy = 9ED543E01C93002F007D4EDB /* PBXContainerItemProxy */;
		};
		9ED543EC1C93002F007D4EDB /* PBXTargetDependency */ = {
			isa = PBXTargetDependency;
			target = 9ED543CA1C93002F007D4EDB /* getDemoTH */;
			targetProxy = 9ED543EB1C93002F007D4EDB /* PBXContainerItemProxy */;
		};
/* End PBXTargetDependency section */

/* Begin PBXVariantGroup section */
		9ED543D21C93002F007D4EDB /* Main.storyboard */ = {
			isa = PBXVariantGroup;
			children = (
				9ED543D31C93002F007D4EDB /* Base */,
			);
			name = Main.storyboard;
			sourceTree = "<group>";
		};
		9ED543D71C93002F007D4EDB /* LaunchScreen.storyboard */ = {
			isa = PBXVariantGroup;
			children = (
				9ED543D81C93002F007D4EDB /* Base */,
			);
			name = LaunchScreen.storyboard;
			sourceTree = "<group>";
		};
/* End PBXVariantGroup section */

/* Begin XCBuildConfiguration section */
		9ED543F11C93002F007D4EDB /* Debug */ = {
			isa = XCBuildConfiguration;
			buildSettings = {
				ALWAYS_SEARCH_USER_PATHS = NO;
				CLANG_CXX_LANGUAGE_STANDARD = "gnu++0x";
				CLANG_CXX_LIBRARY = "libc++";
				CLANG_ENABLE_MODULES = YES;
				CLANG_ENABLE_OBJC_ARC = YES;
				CLANG_WARN_BOOL_CONVERSION = YES;
				CLANG_WARN_CONSTANT_CONVERSION = YES;
				CLANG_WARN_DIRECT_OBJC_ISA_USAGE = YES_ERROR;
				CLANG_WARN_EMPTY_BODY = YES;
				CLANG_WARN_ENUM_CONVERSION = YES;
				CLANG_WARN_INT_CONVERSION = YES;
				CLANG_WARN_OBJC_ROOT_CLASS = YES_ERROR;
				CLANG_WARN_UNREACHABLE_CODE = YES;
				CLANG_WARN__DUPLICATE_METHOD_MATCH = YES;
				"CODE_SIGN_IDENTITY[sdk=iphoneos*]" = "iPhone Developer";
				COPY_PHASE_STRIP = NO;
				DEBUG_INFORMATION_FORMAT = dwarf;
				ENABLE_STRICT_OBJC_MSGSEND = YES;
				ENABLE_TESTABILITY = YES;
				GCC_C_LANGUAGE_STANDARD = gnu99;
				GCC_DYNAMIC_NO_PIC = NO;
				GCC_NO_COMMON_BLOCKS = YES;
				GCC_OPTIMIZATION_LEVEL = 0;
				GCC_PREPROCESSOR_DEFINITIONS = (
					"DEBUG=1",
					"$(inherited)",
				);
				GCC_WARN_64_TO_32_BIT_CONVERSION = YES;
				GCC_WARN_ABOUT_RETURN_TYPE = YES_ERROR;
				GCC_WARN_UNDECLARED_SELECTOR = YES;
				GCC_WARN_UNINITIALIZED_AUTOS = YES_AGGRESSIVE;
				GCC_WARN_UNUSED_FUNCTION = YES;
				GCC_WARN_UNUSED_VARIABLE = YES;
				IPHONEOS_DEPLOYMENT_TARGET = 9.1;
				MTL_ENABLE_DEBUG_INFO = YES;
				ONLY_ACTIVE_ARCH = YES;
				SDKROOT = iphoneos;
				SWIFT_OPTIMIZATION_LEVEL = "-Onone";
			};
			name = Debug;
		};
		9ED543F21C93002F007D4EDB /* Release */ = {
			isa = XCBuildConfiguration;
			buildSettings = {
				ALWAYS_SEARCH_USER_PATHS = NO;
				CLANG_CXX_LANGUAGE_STANDARD = "gnu++0x";
				CLANG_CXX_LIBRARY = "libc++";
				CLANG_ENABLE_MODULES = YES;
				CLANG_ENABLE_OBJC_ARC = YES;
				CLANG_WARN_BOOL_CONVERSION = YES;
				CLANG_WARN_CONSTANT_CONVERSION = YES;
				CLANG_WARN_DIRECT_OBJC_ISA_USAGE = YES_ERROR;
				CLANG_WARN_EMPTY_BODY = YES;
				CLANG_WARN_ENUM_CONVERSION = YES;
				CLANG_WARN_INT_CONVERSION = YES;
				CLANG_WARN_OBJC_ROOT_CLASS = YES_ERROR;
				CLANG_WARN_UNREACHABLE_CODE = YES;
				CLANG_WARN__DUPLICATE_METHOD_MATCH = YES;
				"CODE_SIGN_IDENTITY[sdk=iphoneos*]" = "iPhone Developer";
				COPY_PHASE_STRIP = NO;
				DEBUG_INFORMATION_FORMAT = "dwarf-with-dsym";
				ENABLE_NS_ASSERTIONS = NO;
				ENABLE_STRICT_OBJC_MSGSEND = YES;
				GCC_C_LANGUAGE_STANDARD = gnu99;
				GCC_NO_COMMON_BLOCKS = YES;
				GCC_WARN_64_TO_32_BIT_CONVERSION = YES;
				GCC_WARN_ABOUT_RETURN_TYPE = YES_ERROR;
				GCC_WARN_UNDECLARED_SELECTOR = YES;
				GCC_WARN_UNINITIALIZED_AUTOS = YES_AGGRESSIVE;
				GCC_WARN_UNUSED_FUNCTION = YES;
				GCC_WARN_UNUSED_VARIABLE = YES;
				IPHONEOS_DEPLOYMENT_TARGET = 9.1;
				MTL_ENABLE_DEBUG_INFO = NO;
				SDKROOT = iphoneos;
				VALIDATE_PRODUCT = YES;
			};
			name = Release;
		};
		9ED543F41C93002F007D4EDB /* Debug */ = {
			isa = XCBuildConfiguration;
			buildSettings = {
				ASSETCATALOG_COMPILER_APPICON_NAME = AppIcon;
				INFOPLIST_FILE = getDemoTH/Info.plist;
				LD_RUNPATH_SEARCH_PATHS = "$(inherited) @executable_path/Frameworks";
				PRODUCT_BUNDLE_IDENTIFIER = MichaelTimmons.getDemoTH;
				PRODUCT_NAME = "$(TARGET_NAME)";
			};
			name = Debug;
		};
		9ED543F51C93002F007D4EDB /* Release */ = {
			isa = XCBuildConfiguration;
			buildSettings = {
				ASSETCATALOG_COMPILER_APPICON_NAME = AppIcon;
				INFOPLIST_FILE = getDemoTH/Info.plist;
				LD_RUNPATH_SEARCH_PATHS = "$(inherited) @executable_path/Frameworks";
				PRODUCT_BUNDLE_IDENTIFIER = MichaelTimmons.getDemoTH;
				PRODUCT_NAME = "$(TARGET_NAME)";
			};
			name = Release;
		};
		9ED543F71C93002F007D4EDB /* Debug */ = {
			isa = XCBuildConfiguration;
			buildSettings = {
				BUNDLE_LOADER = "$(TEST_HOST)";
				INFOPLIST_FILE = getDemoTHTests/Info.plist;
				LD_RUNPATH_SEARCH_PATHS = "$(inherited) @executable_path/Frameworks @loader_path/Frameworks";
				PRODUCT_BUNDLE_IDENTIFIER = MichaelTimmons.getDemoTHTests;
				PRODUCT_NAME = "$(TARGET_NAME)";
				TEST_HOST = "$(BUILT_PRODUCTS_DIR)/getDemoTH.app/getDemoTH";
			};
			name = Debug;
		};
		9ED543F81C93002F007D4EDB /* Release */ = {
			isa = XCBuildConfiguration;
			buildSettings = {
				BUNDLE_LOADER = "$(TEST_HOST)";
				INFOPLIST_FILE = getDemoTHTests/Info.plist;
				LD_RUNPATH_SEARCH_PATHS = "$(inherited) @executable_path/Frameworks @loader_path/Frameworks";
				PRODUCT_BUNDLE_IDENTIFIER = MichaelTimmons.getDemoTHTests;
				PRODUCT_NAME = "$(TARGET_NAME)";
				TEST_HOST = "$(BUILT_PRODUCTS_DIR)/getDemoTH.app/getDemoTH";
			};
			name = Release;
		};
		9ED543FA1C93002F007D4EDB /* Debug */ = {
			isa = XCBuildConfiguration;
			buildSettings = {
				INFOPLIST_FILE = getDemoTHUITests/Info.plist;
				LD_RUNPATH_SEARCH_PATHS = "$(inherited) @executable_path/Frameworks @loader_path/Frameworks";
				PRODUCT_BUNDLE_IDENTIFIER = MichaelTimmons.getDemoTHUITests;
				PRODUCT_NAME = "$(TARGET_NAME)";
				TEST_TARGET_NAME = getDemoTH;
				USES_XCTRUNNER = YES;
			};
			name = Debug;
		};
		9ED543FB1C93002F007D4EDB /* Release */ = {
			isa = XCBuildConfiguration;
			buildSettings = {
				INFOPLIST_FILE = getDemoTHUITests/Info.plist;
				LD_RUNPATH_SEARCH_PATHS = "$(inherited) @executable_path/Frameworks @loader_path/Frameworks";
				PRODUCT_BUNDLE_IDENTIFIER = MichaelTimmons.getDemoTHUITests;
				PRODUCT_NAME = "$(TARGET_NAME)";
				TEST_TARGET_NAME = getDemoTH;
				USES_XCTRUNNER = YES;
			};
			name = Release;
		};
/* End XCBuildConfiguration section */

/* Begin XCConfigurationList section */
		9ED543C61C93002F007D4EDB /* Build configuration list for PBXProject "getDemoTH" */ = {
			isa = XCConfigurationList;
			buildConfigurations = (
				9ED543F11C93002F007D4EDB /* Debug */,
				9ED543F21C93002F007D4EDB /* Release */,
			);
			defaultConfigurationIsVisible = 0;
			defaultConfigurationName = Release;
		};
		9ED543F31C93002F007D4EDB /* Build configuration list for PBXNativeTarget "getDemoTH" */ = {
			isa = XCConfigurationList;
			buildConfigurations = (
				9ED543F41C93002F007D4EDB /* Debug */,
				9ED543F51C93002F007D4EDB /* Release */,
			);
			defaultConfigurationIsVisible = 0;
		};
		9ED543F61C93002F007D4EDB /* Build configuration list for PBXNativeTarget "getDemoTHTests" */ = {
			isa = XCConfigurationList;
			buildConfigurations = (
				9ED543F71C93002F007D4EDB /* Debug */,
				9ED543F81C93002F007D4EDB /* Release */,
			);
			defaultConfigurationIsVisible = 0;
		};
		9ED543F91C93002F007D4EDB /* Build configuration list for PBXNativeTarget "getDemoTHUITests" */ = {
			isa = XCConfigurationList;
			buildConfigurations = (
				9ED543FA1C93002F007D4EDB /* Debug */,
				9ED543FB1C93002F007D4EDB /* Release */,
			);
			defaultConfigurationIsVisible = 0;
		};
/* End XCConfigurationList section */
	};
	rootObject = 9ED543C31C93002F007D4EDB /* Project object */;
}
